spec: affliction_warlock
anchor_built: bis
built_on: '2026-08-15'
GENERATED: BY tools/build_bis_capture.py. DO NOT EDIT. It is rebuilt from data/research/wowhead-phase3-bis-full/affliction_warlock.json,
  which is a capture and is never edited, plus the weapon routing in data/judgments/weapon-routing.yaml,
  which is a judgment. To change a slot here, change one of those two.
sources:
  bis:
    url: https://www.wowhead.com/tbc/guide/affliction-warlock-dps-bt-hyjal-phase-3-best-in-slot-gear-burning-crusade
    title: Burning Crusade Classic Affliction Warlock DPS Best in Slot (BiS) Phase
      3 Gear Guide - Wowhead
    observed: '2026-08-15'
anchors:
  bis:
    hit_by_slot:
      head:
        item: Hood of the Malefic
        id: 31051
        hit: 16
      neck:
        item: Translucent Spellthread Necklace
        id: 32349
        hit: 15
      shoulder:
        item: Mantle of the Malefic
        id: 31054
        hit: 21
      back:
        item: Nethervoid Cloak
        id: 32590
        hit: 18
        capture_note: listed as Best - Hit, the top of two tied 'Best' rows
      chest:
        item: Vestments of the Sea-Witch
        id: 30107
        hit: 27
      wrist:
        item: Bracers of Nimble Thought
        id: 32586
        hit: 0
      hands:
        item: Gloves of the Malefic
        id: 31050
        hit: 11
      waist:
        item: Belt of Blasting
        id: 30038
        hit: 23
        capture_note: listed as Best - Hit(Aff Realistic)
      legs:
        item: Leggings of Channeled Elements
        id: 30916
        hit: 18
      feet:
        item: Slippers of the Seacaller
        id: 32239
        hit: 0
      ring_1:
        item: Ring of Ancient Knowledge
        id: 32527
        hit: 0
        capture_note: page lists this ring as 'Best x2', BiS in both ring slots
      ring_2:
        item: Ring of Ancient Knowledge
        id: 32527
        hit: 0
        capture_note: page lists this ring as 'Best x2', BiS in both ring slots
      trinket_1:
        item: The Skull of Gul'dan
        id: 32483
        hit: 25
        capture_note: listed as Ultimate Best, the top-ranked trinket
      trinket_2:
        item: Quagmirran's Eye
        id: 27683
        hit: 0
        capture_note: top of two tied 'Best' rows following the Ultimate Best trinket
      main_hand:
        item: Zhar'doom, Greatstaff of the Devourer
        id: 32374
        hit: 0
      off_hand:
        item: null
        id: null
        hit: 0
      ranged:
        item: Wand of the Forgotten Star
        id: 29982
        hit: 11
        capture_note: top of the Wands table
    total_item_hit: 185
    tier6_pieces_held:
    - head
    - shoulder
    - hands
    tier5_pieces_held: []
    tier4_pieces_held: []
    set_pieces_held:
      Malefic Raiment: 3
    hit_state:
      cap: spell
      net_target_rating: 165
      assumed_debuff_rating: 0.0
      item_hit: 185
      state: full
      gap_rating: 0
      gem_sockets: 9
      gems_needed: 0
routing_applied:
- 'main_hand: Zhar''doom, Greatstaff of the Devourer replaces Tempest of Chaos.
  Routed by the guild lead, 15 August 2026: Zhar''doom goes to the warlocks, the
  Balance Druid, the Elemental Shaman and the Shadow Priest.'
- 'off_hand: EMPTY replaces Chronicle of Dark Secrets. Zhar''doom is a two-handed
  staff and the guild lead ruled that its users hold no off hand. The captured off
  hand is discarded, not carried.'
